
Microsoft Visual Studio Solution File, Format Version 12.00
# Visual Studio Version 17
VisualStudioVersion = 17.13.35825.156 d17.13
MinimumVisualStudioVersion = 10.0.40219.1
Project("{FAE04EC0-301F-11D3-BF4B-00C04F79EFBC}") = "CarAssemblerGUI", "CarAssemblerGUI.csproj", "{1DA1A437-3BE2-46E3-88DF-3FF360A13C21}"
EndProject
Global
	GlobalSection(SolutionConfigurationPlatforms) = preSolution
		Debug|Any CPU = Debug|Any CPU
		Release|Any CPU = Release|Any CPU
	EndGlobalSection
	GlobalSection(ProjectConfigurationPlatforms) = postSolution
		{1DA1A437-3BE2-46E3-88DF-3FF360A13C21}.Debug|Any CPU.ActiveCfg = Debug|Any CPU
		{1DA1A437-3BE2-46E3-88DF-3FF360A13C21}.Debug|Any CPU.Build.0 = Debug|Any CPU
		{1DA1A437-3BE2-46E3-88DF-3FF360A13C21}.Release|Any CPU.ActiveCfg = Release|Any CPU
		{1DA1A437-3BE2-46E3-88DF-3FF360A13C21}.Release|Any CPU.Build.0 = Release|Any CPU
	EndGlobalSection
	GlobalSection(SolutionProperties) = preSolution
		HideSolutionNode = FALSE
	EndGlobalSection
	GlobalSection(ExtensibilityGlobals) = postSolution
		SolutionGuid = {13179B6D-B8C3-49A7-9160-3C5FD483DCDA}
	EndGlobalSection
EndGlobal
